// !$*UTF8*$!
{
	archiveVersion = 1;
	classes = {
	};
	objectVersion = 50;
	objects = {

/* Begin PBXBuildFile section */
		EBB73FC92150EB7B00B9A83B /* AppDelegate.m in Sources */ = {isa = PBXBuildFile; fileRef = EBB73FC82150EB7B00B9A83B /* AppDelegate.m */; };
		EBB73FCC2150EB7B00B9A83B /* ViewController.m in Sources */ = {isa = PBXBuildFile; fileRef = EBB73FCB2150EB7B00B9A83B /* ViewController.m */; };
		EBB73FCF2150EB7B00B9A83B /* Main.storyboard in Resources */ = {isa = PBXBuildFile; fileRef = EBB73FCD2150EB7B00B9A83B /* Main.storyboard */; };
		EBB73FD12150EB7C00B9A83B /* Assets.xcassets in Resources */ = {isa = PBXBuildFile; fileRef = EBB73FD02150EB7C00B9A83B /* Assets.xcassets */; };
		EBB73FD42150EB7C00B9A83B /* LaunchScreen.storyboard in Resources */ = {isa = PBXBuildFile; fileRef = EBB73FD22150EB7C00B9A83B /* LaunchScreen.storyboard */; };
		EBB73FD72150EB7C00B9A83B /* main.m in Sources */ = {isa = PBXBuildFile; fileRef = EBB73FD62150EB7C00B9A83B /* main.m */; };
		EBB73FDF2150EC1400B9A83B /* NSObject+SwizzleMethod.m in Sources */ = {isa = PBXBuildFile; fileRef = EBB73FDE2150EC1400B9A83B /* NSObject+SwizzleMethod.m */; };
		EBB73FE22150F24400B9A83B /* NSMutableArray+SwizzleMethod.m in Sources */ = {isa = PBXBuildFile; fileRef = EBB73FE12150F24400B9A83B /* NSMutableArray+SwizzleMethod.m */; };
		EBB73FE52150F4E600B9A83B /* NSArray+SwizzleMethod.m in Sources */ = {isa = PBXBuildFile; fileRef = EBB73FE42150F4E600B9A83B /* NSArray+SwizzleMethod.m */; };
/* End PBXBuildFile section */

/* Begin PBXFileReference section */
		EBB73FC42150EB7B00B9A83B /* Swizz.app */ = {isa = PBXFileReference; explicitFileType = wrapper.application; includeInIndex = 0; path = Swizz.app; sourceTree = BUILT_PRODUCTS_DIR; };
		EBB73FC72150EB7B00B9A83B /* AppDelegate.h */ = {isa = PBXFileReference; lastKnownFileType = sourcecode.c.h; path = AppDelegate.h; sourceTree = "<group>"; };
		EBB73FC82150EB7B00B9A83B /* AppDelegate.m */ = {isa = PBXFileReference; lastKnownFileType = sourcecode.c.objc; path = AppDelegate.m; sourceTree = "<group>"; };
		EBB73FCA2150EB7B00B9A83B /* ViewController.h */ = {isa = PBXFileReference; lastKnownFileType = sourcecode.c.h; path = ViewController.h; sourceTree = "<group>"; };
		EBB73FCB2150EB7B00B9A83B /* ViewController.m */ = {isa = PBXFileReference; lastKnownFileType = sourcecode.c.objc; path = ViewController.m; sourceTree = "<group>"; };
		EBB73FCE2150EB7B00B9A83B /* Base */ = {isa = PBXFileReference; lastKnownFileType = file.storyboard; name = Base; path = Base.lproj/Main.storyboard; sourceTree = "<group>"; };
		EBB73FD02150EB7C00B9A83B /* Assets.xcassets */ = {isa = PBXFileReference; lastKnownFileType = folder.assetcatalog; path = Assets.xcassets; sourceTree = "<group>"; };
		EBB73FD32150EB7C00B9A83B /* Base */ = {isa = PBXFileReference; lastKnownFileType = file.storyboard; name = Base; path = Base.lproj/LaunchScreen.storyboard; sourceTree = "<group>"; };
		EBB73FD52150EB7C00B9A83B /* Info.plist */ = {isa = PBXFileReference; lastKnownFileType = text.plist.xml; path = Info.plist; sourceTree = "<group>"; };
		EBB73FD62150EB7C00B9A83B /* main.m */ = {isa = PBXFileReference; lastKnownFileType = sourcecode.c.objc; path = main.m; sourceTree = "<group>"; };
		EBB73FDD2150EC1400B9A83B /* NSObject+SwizzleMethod.h */ = {isa = PBXFileReference; lastKnownFileType = sourcecode.c.h; path = "NSObject+SwizzleMethod.h"; sourceTree = "<group>"; };
		EBB73FDE2150EC1400B9A83B /* NSObject+SwizzleMethod.m */ = {isa = PBXFileReference; lastKnownFileType = sourcecode.c.objc; path = "NSObject+SwizzleMethod.m"; sourceTree = "<group>"; };
		EBB73FE02150F24400B9A83B /* NSMutableArray+SwizzleMethod.h */ = {isa = PBXFileReference; lastKnownFileType = sourcecode.c.h; path = "NSMutableArray+SwizzleMethod.h"; sourceTree = "<group>"; };
		EBB73FE12150F24400B9A83B /* NSMutableArray+SwizzleMethod.m */ = {isa = PBXFileReference; lastKnownFileType = sourcecode.c.objc; path = "NSMutableArray+SwizzleMethod.m"; sourceTree = "<group>"; };
		EBB73FE32150F4E500B9A83B /* NSArray+SwizzleMethod.h */ = {isa = PBXFileReference; lastKnownFileType = sourcecode.c.h; path = "NSArray+SwizzleMethod.h"; sourceTree = "<group>"; };
		EBB73FE42150F4E600B9A83B /* NSArray+SwizzleMethod.m */ = {isa = PBXFileReference; lastKnownFileType = sourcecode.c.objc; path = "NSArray+SwizzleMethod.m"; sourceTree = "<group>"; };
/* End PBXFileReference section */

/* Begin PBXFrameworksBuildPhase section */
		EBB73FC12150EB7B00B9A83B /* Frameworks */ = {
			isa = PBXFrameworksBuildPhase;
			buildActionMask = 2147483647;
			files = (
			);
			runOnlyForDeploymentPostprocessing = 0;
		};
/* End PBXFrameworksBuildPhase section */

/* Begin PBXGroup section */
		EBB73FBB2150EB7B00B9A83B = {
			isa = PBXGroup;
			children = (
				EBB73FC62150EB7B00B9A83B /* Swizz */,
				EBB73FC52150EB7B00B9A83B /* Products */,
			);
			sourceTree = "<group>";
		};
		EBB73FC52150EB7B00B9A83B /* Products */ = {
			isa = PBXGroup;
			children = (
				EBB73FC42150EB7B00B9A83B /* Swizz.app */,
			);
			name = Products;
			sourceTree = "<group>";
		};
		EBB73FC62150EB7B00B9A83B /* Swizz */ = {
			isa = PBXGroup;
			children = (
				EBB73FC72150EB7B00B9A83B /* AppDelegate.h */,
				EBB73FC82150EB7B00B9A83B /* AppDelegate.m */,
				EBB73FCA2150EB7B00B9A83B /* ViewController.h */,
				EBB73FCB2150EB7B00B9A83B /* ViewController.m */,
				EBB73FDD2150EC1400B9A83B /* NSObject+SwizzleMethod.h */,
				EBB73FDE2150EC1400B9A83B /* NSObject+SwizzleMethod.m */,
				EBB73FE02150F24400B9A83B /* NSMutableArray+SwizzleMethod.h */,
				EBB73FE12150F24400B9A83B /* NSMutableArray+SwizzleMethod.m */,
				EBB73FE32150F4E500B9A83B /* NSArray+SwizzleMethod.h */,
				EBB73FE42150F4E600B9A83B /* NSArray+SwizzleMethod.m */,
				EBB73FCD2150EB7B00B9A83B /* Main.storyboard */,
				EBB73FD02150EB7C00B9A83B /* Assets.xcassets */,
				EBB73FD22150EB7C00B9A83B /* LaunchScreen.storyboard */,
				EBB73FD52150EB7C00B9A83B /* Info.plist */,
				EBB73FD62150EB7C00B9A83B /* main.m */,
			);
			path = Swizz;
			sourceTree = "<group>";
		};
/* End PBXGroup section */

/* Begin PBXNativeTarget section */
		EBB73FC32150EB7B00B9A83B /* Swizz */ = {
			isa = PBXNativeTarget;
			buildConfigurationList = EBB73FDA2150EB7C00B9A83B /* Build configuration list for PBXNativeTarget "Swizz" */;
			buildPhases = (
				EBB73FC02150EB7B00B9A83B /* Sources */,
				EBB73FC12150EB7B00B9A83B /* Frameworks */,
				EBB73FC22150EB7B00B9A83B /* Resources */,
			);
			buildRules = (
			);
			dependencies = (
			);
			name = Swizz;
			productName = Swizz;
			productReference = EBB73FC42150EB7B00B9A83B /* Swizz.app */;
			productType = "com.apple.product-type.application";
		};
/* End PBXNativeTarget section */

/* Begin PBXProject section */
		EBB73FBC2150EB7B00B9A83B /* Project object */ = {
			isa = PBXProject;
			attributes = {
				LastUpgradeCheck = 0930;
				ORGANIZATIONNAME = xiangzuhua;
				TargetAttributes = {
					EBB73FC32150EB7B00B9A83B = {
						CreatedOnToolsVersion = 9.3.1;
					};
				};
			};
			buildConfigurationList = EBB73FBF2150EB7B00B9A83B /* Build configuration list for PBXProject "Swizz" */;
			compatibilityVersion = "Xcode 9.3";
			developmentRegion = en;
			hasScannedForEncodings = 0;
			knownRegions = (
				en,
				Base,
			);
			mainGroup = EBB73FBB2150EB7B00B9A83B;
			productRefGroup = EBB73FC52150EB7B00B9A83B /* Products */;
			projectDirPath = "";
			projectRoot = "";
			targets = (
				EBB73FC32150EB7B00B9A83B /* Swizz */,
			);
		};
/* End PBXProject section */

/* Begin PBXResourcesBuildPhase section */
		EBB73FC22150EB7B00B9A83B /* Resources */ = {
			isa = PBXResourcesBuildPhase;
			buildActionMask = 2147483647;
			files = (
				EBB73FD42150EB7C00B9A83B /* LaunchScreen.storyboard in Resources */,
				EBB73FD12150EB7C00B9A83B /* Assets.xcassets in Resources */,
				EBB73FCF2150EB7B00B9A83B /* Main.storyboard in Resources */,
			);
			runOnlyForDeploymentPostprocessing = 0;
		};
/* End PBXResourcesBuildPhase section */

/* Begin PBXSourcesBuildPhase section */
		EBB73FC02150EB7B00B9A83B /* Sources */ = {
			isa = PBXSourcesBuildPhase;
			buildActionMask = 2147483647;
			files = (
				EBB73FCC2150EB7B00B9A83B /* ViewController.m in Sources */,
				EBB73FD72150EB7C00B9A83B /* main.m in Sources */,
				EBB73FC92150EB7B00B9A83B /* AppDelegate.m in Sources */,
				EBB73FDF2150EC1400B9A83B /* NSObject+SwizzleMethod.m in Sources */,
				EBB73FE52150F4E600B9A83B /* NSArray+SwizzleMethod.m in Sources */,
				EBB73FE22150F24400B9A83B /* NSMutableArray+SwizzleMethod.m in Sources */,
			);
			runOnlyForDeploymentPostprocessing = 0;
		};
/* End PBXSourcesBuildPhase section */

/* Begin PBXVariantGroup section */
		EBB73FCD2150EB7B00B9A83B /* Main.storyboard */ = {
			isa = PBXVariantGroup;
			children = (
				EBB73FCE2150EB7B00B9A83B /* Base */,
			);
			name = Main.storyboard;
			sourceTree = "<group>";
		};
		EBB73FD22150EB7C00B9A83B /* LaunchScreen.storyboard */ = {
			isa = PBXVariantGroup;
			children = (
				EBB73FD32150EB7C00B9A83B /* Base */,
			);
			name = LaunchScreen.storyboard;
			sourceTree = "<group>";
		};
/* End PBXVariantGroup section */

/* Begin XCBuildConfiguration section */
		EBB73FD82150EB7C00B9A83B /* Debug */ = {
			isa = XCBuildConfiguration;
			buildSettings = {
				ALWAYS_SEARCH_USER_PATHS = NO;
				CLANG_ANALYZER_NONNULL = YES;
				CLANG_ANALYZER_NUMBER_OBJECT_CONVERSION = YES_AGGRESSIVE;
				CLANG_CXX_LANGUAGE_STANDARD = "gnu++14";
				CLANG_CXX_LIBRARY = "libc++";
				CLANG_ENABLE_MODULES = YES;
				CLANG_ENABLE_OBJC_ARC = YES;
				CLANG_ENABLE_OBJC_WEAK = YES;
				CLANG_WARN_BLOCK_CAPTURE_AUTORELEASING = YES;
				CLANG_WARN_BOOL_CONVERSION = YES;
				CLANG_WARN_COMMA = YES;
				CLANG_WARN_CONSTANT_CONVERSION = YES;
				CLANG_WARN_DEPRECATED_OBJC_IMPLEMENTATIONS = YES;
				CLANG_WARN_DIRECT_OBJC_ISA_USAGE = YES_ERROR;
				CLANG_WARN_DOCUMENTATION_COMMENTS = YES;
				CLANG_WARN_EMPTY_BODY = YES;
				CLANG_WARN_ENUM_CONVERSION = YES;
				CLANG_WARN_INFINITE_RECURSION = YES;
				CLANG_WARN_INT_CONVERSION = YES;
				CLANG_WARN_NON_LITERAL_NULL_CONVERSION = YES;
				CLANG_WARN_OBJC_IMPLICIT_RETAIN_SELF = YES;
				CLANG_WARN_OBJC_LITERAL_CONVERSION = YES;
				CLANG_WARN_OBJC_ROOT_CLASS = YES_ERROR;
				CLANG_WARN_RANGE_LOOP_ANALYSIS = YES;
				CLANG_WARN_STRICT_PROTOTYPES = YES;
				CLANG_WARN_SUSPICIOUS_MOVE = YES;
				CLANG_WARN_UNGUARDED_AVAILABILITY = YES_AGGRESSIVE;
				CLANG_WARN_UNREACHABLE_CODE = YES;
				CLANG_WARN__DUPLICATE_METHOD_MATCH = YES;
				CODE_SIGN_IDENTITY = "iPhone Developer";
				COPY_PHASE_STRIP = NO;
				DEBUG_INFORMATION_FORMAT = dwarf;
				ENABLE_STRICT_OBJC_MSGSEND = YES;
				ENABLE_TESTABILITY = YES;
				GCC_C_LANGUAGE_STANDARD = gnu11;
				GCC_DYNAMIC_NO_PIC = NO;
				GCC_NO_COMMON_BLOCKS = YES;
				GCC_OPTIMIZATION_LEVEL = 0;
				GCC_PREPROCESSOR_DEFINITIONS = (
					"DEBUG=1",
					"$(inherited)",
				);
				GCC_WARN_64_TO_32_BIT_CONVERSION = YES;
				GCC_WARN_ABOUT_RETURN_TYPE = YES_ERROR;
				GCC_WARN_UNDECLARED_SELECTOR = YES;
				GCC_WARN_UNINITIALIZED_AUTOS = YES_AGGRESSIVE;
				GCC_WARN_UNUSED_FUNCTION = YES;
				GCC_WARN_UNUSED_VARIABLE = YES;
				IPHONEOS_DEPLOYMENT_TARGET = 11.3;
				MTL_ENABLE_DEBUG_INFO = YES;
				ONLY_ACTIVE_ARCH = YES;
				SDKROOT = iphoneos;
			};
			name = Debug;
		};
		EBB73FD92150EB7C00B9A83B /* Release */ = {
			isa = XCBuildConfiguration;
			buildSettings = {
				ALWAYS_SEARCH_USER_PATHS = NO;
				CLANG_ANALYZER_NONNULL = YES;
				CLANG_ANALYZER_NUMBER_OBJECT_CONVERSION = YES_AGGRESSIVE;
				CLANG_CXX_LANGUAGE_STANDARD = "gnu++14";
				CLANG_CXX_LIBRARY = "libc++";
				CLANG_ENABLE_MODULES = YES;
				CLANG_ENABLE_OBJC_ARC = YES;
				CLANG_ENABLE_OBJC_WEAK = YES;
				CLANG_WARN_BLOCK_CAPTURE_AUTORELEASING = YES;
				CLANG_WARN_BOOL_CONVERSION = YES;
				CLANG_WARN_COMMA = YES;
				CLANG_WARN_CONSTANT_CONVERSION = YES;
				CLANG_WARN_DEPRECATED_OBJC_IMPLEMENTATIONS = YES;
				CLANG_WARN_DIRECT_OBJC_ISA_USAGE = YES_ERROR;
				CLANG_WARN_DOCUMENTATION_COMMENTS = YES;
				CLANG_WARN_EMPTY_BODY = YES;
				CLANG_WARN_ENUM_CONVERSION = YES;
				CLANG_WARN_INFINITE_RECURSION = YES;
				CLANG_WARN_INT_CONVERSION = YES;
				CLANG_WARN_NON_LITERAL_NULL_CONVERSION = YES;
				CLANG_WARN_OBJC_IMPLICIT_RETAIN_SELF = YES;
				CLANG_WARN_OBJC_LITERAL_CONVERSION = YES;
				CLANG_WARN_OBJC_ROOT_CLASS = YES_ERROR;
				CLANG_WARN_RANGE_LOOP_ANALYSIS = YES;
				CLANG_WARN_STRICT_PROTOTYPES = YES;
				CLANG_WARN_SUSPICIOUS_MOVE = YES;
				CLANG_WARN_UNGUARDED_AVAILABILITY = YES_AGGRESSIVE;
				CLANG_WARN_UNREACHABLE_CODE = YES;
				CLANG_WARN__DUPLICATE_METHOD_MATCH = YES;
				CODE_SIGN_IDENTITY = "iPhone Developer";
				COPY_PHASE_STRIP = NO;
				DEBUG_INFORMATION_FORMAT = "dwarf-with-dsym";
				ENABLE_NS_ASSERTIONS = NO;
				ENABLE_STRICT_OBJC_MSGSEND = YES;
				GCC_C_LANGUAGE_STANDARD = gnu11;
				GCC_NO_COMMON_BLOCKS = YES;
				GCC_WARN_64_TO_32_BIT_CONVERSION = YES;
				GCC_WARN_ABOUT_RETURN_TYPE = YES_ERROR;
				GCC_WARN_UNDECLARED_SELECTOR = YES;
				GCC_WARN_UNINITIALIZED_AUTOS = YES_AGGRESSIVE;
				GCC_WARN_UNUSED_FUNCTION = YES;
				GCC_WARN_UNUSED_VARIABLE = YES;
				IPHONEOS_DEPLOYMENT_TARGET = 11.3;
				MTL_ENABLE_DEBUG_INFO = NO;
				SDKROOT = iphoneos;
				VALIDATE_PRODUCT = YES;
			};
			name = Release;
		};
		EBB73FDB2150EB7C00B9A83B /* Debug */ = {
			isa = XCBuildConfiguration;
			buildSettings = {
				ASSETCATALOG_COMPILER_APPICON_NAME = AppIcon;
				CODE_SIGN_STYLE = Automatic;
				DEVELOPMENT_TEAM = EWU92RE2A6;
				INFOPLIST_FILE = Swizz/Info.plist;
				LD_RUNPATH_SEARCH_PATHS = (
					"$(inherited)",
					"@executable_path/Frameworks",
				);
				PRODUCT_BUNDLE_IDENTIFIER = sd.Swizz;
				PRODUCT_NAME = "$(TARGET_NAME)";
				TARGETED_DEVICE_FAMILY = "1,2";
			};
			name = Debug;
		};
		EBB73FDC2150EB7C00B9A83B /* Release */ = {
			isa = XCBuildConfiguration;
			buildSettings = {
				ASSETCATALOG_COMPILER_APPICON_NAME = AppIcon;
				CODE_SIGN_STYLE = Automatic;
				DEVELOPMENT_TEAM = EWU92RE2A6;
				INFOPLIST_FILE = Swizz/Info.plist;
				LD_RUNPATH_SEARCH_PATHS = (
					"$(inherited)",
					"@executable_path/Frameworks",
				);
				PRODUCT_BUNDLE_IDENTIFIER = sd.Swizz;
				PRODUCT_NAME = "$(TARGET_NAME)";
				TARGETED_DEVICE_FAMILY = "1,2";
			};
			name = Release;
		};
/* End XCBuildConfiguration section */

/* Begin XCConfigurationList section */
		EBB73FBF2150EB7B00B9A83B /* Build configuration list for PBXProject "Swizz" */ = {
			isa = XCConfigurationList;
			buildConfigurations = (
				EBB73FD82150EB7C00B9A83B /* Debug */,
				EBB73FD92150EB7C00B9A83B /* Release */,
			);
			defaultConfigurationIsVisible = 0;
			defaultConfigurationName = Release;
		};
		EBB73FDA2150EB7C00B9A83B /* Build configuration list for PBXNativeTarget "Swizz" */ = {
			isa = XCConfigurationList;
			buildConfigurations = (
				EBB73FDB2150EB7C00B9A83B /* Debug */,
				EBB73FDC2150EB7C00B9A83B /* Release */,
			);
			defaultConfigurationIsVisible = 0;
			defaultConfigurationName = Release;
		};
/* End XCConfigurationList section */
	};
	rootObject = EBB73FBC2150EB7B00B9A83B /* Project object */;
}
